
Microsoft Visual Studio Solution File, Format Version 12.00
# Visual Studio 15
VisualStudioVersion = 15.0.28010.2036
MinimumVisualStudioVersion = 10.0.40219.1
Project("{FAE04EC0-301F-11D3-BF4B-00C04F79EFBC}") = "SRP", "SOLID\SRP.csproj", "{D4438FA1-4CCE-4338-AEA6-1FE38E575408}"
EndProject
Project("{FAE04EC0-301F-11D3-BF4B-00C04F79EFBC}") = "OCP", "OCP\OCP.csproj", "{53EE08AE-339B-4700-AA17-190DFB573DAC}"
EndProject
Global
	GlobalSection(SolutionConfigurationPlatforms) = preSolution
		Debug|Any CPU = Debug|Any CPU
		Release|Any CPU = Release|Any CPU
	EndGlobalSection
	GlobalSection(ProjectConfigurationPlatforms) = postSolution
		{D4438FA1-4CCE-4338-AEA6-1FE38E575408}.Debug|Any CPU.ActiveCfg = Debug|Any CPU
		{D4438FA1-4CCE-4338-AEA6-1FE38E575408}.Debug|Any CPU.Build.0 = Debug|Any CPU
		{D4438FA1-4CCE-4338-AEA6-1FE38E575408}.Release|Any CPU.ActiveCfg = Release|Any CPU
		{D4438FA1-4CCE-4338-AEA6-1FE38E575408}.Release|Any CPU.Build.0 = Release|Any CPU
		{53EE08AE-339B-4700-AA17-190DFB573DAC}.Debug|Any CPU.ActiveCfg = Debug|Any CPU
		{53EE08AE-339B-4700-AA17-190DFB573DAC}.Debug|Any CPU.Build.0 = Debug|Any CPU
		{53EE08AE-339B-4700-AA17-190DFB573DAC}.Release|Any CPU.ActiveCfg = Release|Any CPU
		{53EE08AE-339B-4700-AA17-190DFB573DAC}.Release|Any CPU.Build.0 = Release|Any CPU
	EndGlobalSection
	GlobalSection(SolutionProperties) = preSolution
		HideSolutionNode = FALSE
	EndGlobalSection
	GlobalSection(ExtensibilityGlobals) = postSolution
		SolutionGuid = {9B3B2B4A-23FF-477F-8AC9-D8378C251B5B}
	EndGlobalSection
EndGlobal
